{
  "nodes": {
    "brew-src": {
      "flake": false,
      "locked": {
        "lastModified": 1749511373,
        "narHash": "sha256-7u1TdHQaUCzzgf/n8T3bQosuYXyNBEPU/3WQQqozE5o=",
        "owner": "Homebrew",
        "repo": "brew",
        "rev": "7b4ef99fed96966269ee35994407fa4c06097a4d",
        "type": "github"
      },
      "original": {
        "owner": "Homebrew",
        "ref": "4.5.6",
        "repo": "brew",
        "type": "github"
      }
    },
    "home-manager": {
      "inputs": {
        "nixpkgs": [
          "nixpkgs"
        ]
      },
      "locked": {
        "lastModified": 1751810233,
        "narHash": "sha256-kllkNbIqQi3VplgTMeGzuh1t8Gk8TauvkTRt93Km+tQ=",
        "owner": "nix-community",
        "repo": "home-manager",
        "rev": "9b0873b46c9f9e4b7aa01eb634952c206af53068",
        "type": "github"
      },
      "original": {
        "owner": "nix-community",
        "ref": "release-25.05",
        "repo": "home-manager",
        "type": "github"
      }
    },
    "homebrew-bundle": {
      "flake": false,
      "locked": {
        "lastModified": 1745335228,
        "narHash": "sha256-TIKR2UgtyUmHLNZp255/vLs+1I10hXe+sciMEbAGFwE=",
        "owner": "homebrew",
        "repo": "homebrew-bundle",
        "rev": "a3265c84b232e13048ecbf6fc18a2eedfadbeb08",
        "type": "github"
      },
      "original": {
        "owner": "homebrew",
        "repo": "homebrew-bundle",
        "type": "github"
      }
    },
    "homebrew-cask": {
      "flake": false,
      "locked": {
        "lastModified": 1752144723,
        "narHash": "sha256-AwYQGpUE6LotPZ7757rcEkdtlr0phGcJxSYf41xyZ3c=",
        "owner": "homebrew",
        "repo": "homebrew-cask",
        "rev": "8cb1e502ccb3fc63a6dcd6c1515f53d204e12664",
        "type": "github"
      },
      "original": {
        "owner": "homebrew",
        "repo": "homebrew-cask",
        "type": "github"
      }
    },
    "homebrew-core": {
      "flake": false,
      "locked": {
        "lastModified": 1752148746,
        "narHash": "sha256-N3ZAqRy9h/cCzn1jgALUvBMqVNiDXyhEq2F2SNstfW0=",
        "owner": "homebrew",
        "repo": "homebrew-core",
        "rev": "76b7076596deee624cd7192e0dfea29a4b01e80f",
        "type": "github"
      },
      "original": {
        "owner": "homebrew",
        "repo": "homebrew-core",
        "type": "github"
      }
    },
    "nix-darwin": {
      "inputs": {
        "nixpkgs": [
          "nixpkgs"
        ]
      },
      "locked": {
        "lastModified": 1749744770,
        "narHash": "sha256-MEM9XXHgBF/Cyv1RES1t6gqAX7/tvayBC1r/KPyK1ls=",
        "owner": "LnL7",
        "repo": "nix-darwin",
        "rev": "536f951efb1ccda9b968e3c9dee39fbeb6d3fdeb",
        "type": "github"
      },
      "original": {
        "owner": "LnL7",
        "ref": "nix-darwin-25.05",
        "repo": "nix-darwin",
        "type": "github"
      }
    },
    "nix-formatter-pack": {
      "inputs": {
        "nixpkgs": "nixpkgs",
        "nmd": "nmd",
        "nmt": "nmt"
      },
      "locked": {
        "lastModified": 1742249870,
        "narHash": "sha256-U37ECk3zpfp92D3H0gzfWPyb5sf0RdOdublCq1zjq+w=",
        "owner": "Gerschtli",
        "repo": "nix-formatter-pack",
        "rev": "fe5b4498e3161191bd93fe0683dff347f6f689df",
        "type": "github"
      },
      "original": {
        "owner": "Gerschtli",
        "repo": "nix-formatter-pack",
        "type": "github"
      }
    },
    "nix-homebrew": {
      "inputs": {
        "brew-src": "brew-src"
      },
      "locked": {
        "lastModified": 1749952250,
        "narHash": "sha256-V2ix0knpdJXirQ+4pjbnggjdSALTsFWGIP/NDpaQkdU=",
        "owner": "zhaofengli-wip",
        "repo": "nix-homebrew",
        "rev": "37126f06f4890f019af3d7606ce5d30a457afcd0",
        "type": "github"
      },
      "original": {
        "owner": "zhaofengli-wip",
        "repo": "nix-homebrew",
        "type": "github"
      }
    },
    "nixpkgs": {
      "locked": {
        "lastModified": 1669933672,
        "narHash": "sha256-9nzaATSTmEMpTrx+7j3vVwQkcpu9JMkQ1M08iPtu7m4=",
        "owner": "NixOS",
        "repo": "nixpkgs",
        "rev": "da12bb299b2941299b1de24fbd92c5dd35de40e9",
        "type": "github"
      },
      "original": {
        "owner": "NixOS",
        "ref": "release-22.11",
        "repo": "nixpkgs",
        "type": "github"
      }
    },
    "nixpkgs-unstable": {
      "locked": {
        "lastModified": 1751984180,
        "narHash": "sha256-LwWRsENAZJKUdD3SpLluwDmdXY9F45ZEgCb0X+xgOL0=",
        "owner": "nixos",
        "repo": "nixpkgs",
        "rev": "9807714d6944a957c2e036f84b0ff8caf9930bc0",
        "type": "github"
      },
      "original": {
        "owner": "nixos",
        "ref": "nixos-unstable",
        "repo": "nixpkgs",
        "type": "github"
      }
    },
    "nixpkgs_2": {
      "locked": {
        "lastModified": 1751943650,
        "narHash": "sha256-7orTnNqkGGru8Je6Un6mq1T8YVVU/O5kyW4+f9C1mZQ=",
        "owner": "nixos",
        "repo": "nixpkgs",
        "rev": "88983d4b665fb491861005137ce2b11a9f89f203",
        "type": "github"
      },
      "original": {
        "owner": "nixos",
        "ref": "nixos-25.05",
        "repo": "nixpkgs",
        "type": "github"
      }
    },
    "nmd": {
      "flake": false,
      "locked": {
        "lastModified": 1666190571,
        "narHash": "sha256-Z1hc7M9X6L+H83o9vOprijpzhTfOBjd0KmUTnpHAVjA=",
        "owner": "rycee",
        "repo": "nmd",
        "rev": "b75d312b4f33bd3294cd8ae5c2ca8c6da2afc169",
        "type": "gitlab"
      },
      "original": {
        "owner": "rycee",
        "repo": "nmd",
        "type": "gitlab"
      }
    },
    "nmt": {
      "flake": false,
      "locked": {
        "lastModified": 1648075362,
        "narHash": "sha256-u36WgzoA84dMVsGXzml4wZ5ckGgfnvS0ryzo/3zn/Pc=",
        "owner": "rycee",
        "repo": "nmt",
        "rev": "d83601002c99b78c89ea80e5e6ba21addcfe12ae",
        "type": "gitlab"
      },
      "original": {
        "owner": "rycee",
        "repo": "nmt",
        "type": "gitlab"
      }
    },
    "root": {
      "inputs": {
        "home-manager": "home-manager",
        "homebrew-bundle": "homebrew-bundle",
        "homebrew-cask": "homebrew-cask",
        "homebrew-core": "homebrew-core",
        "nix-darwin": "nix-darwin",
        "nix-formatter-pack": "nix-formatter-pack",
        "nix-homebrew": "nix-homebrew",
        "nixpkgs": "nixpkgs_2",
        "nixpkgs-unstable": "nixpkgs-unstable"
      }
    }
  },
  "root": "root",
  "version": 7
}
